
Microsoft Visual Studio Solution File, Format Version 12.00
# Visual Studio Express 2013 for Windows Desktop
VisualStudioVersion = 12.0.21005.1
MinimumVisualStudioVersion = 10.0.40219.1
Project("{FAE04EC0-301F-11D3-BF4B-00C04F79EFBC}") = "01.Suitable_Numbers", "01.Suitable_Numbers\01.Suitable_Numbers.csproj", "{D5F37990-4415-4FE1-9C0E-EBC7D6A414C8}"
EndProject
Project("{FAE04EC0-301F-11D3-BF4B-00C04F79EFBC}") = "02.Float_or_Double", "02.Float_or_Double\02.Float_or_Double.csproj", "{D8A199F0-1B3A-40EA-9D40-082D0354E13A}"
EndProject
Project("{FAE04EC0-301F-11D3-BF4B-00C04F79EFBC}") = "03.True_or_False", "03.True_or_False\03.True_or_False.csproj", "{632A8D9B-A572-4003-9996-6CF362EC20BC}"
EndProject
Project("{FAE04EC0-301F-11D3-BF4B-00C04F79EFBC}") = "05.Unicode_Character", "05.Unicode_Character\05.Unicode_Character.csproj", "{F0ADA953-3114-4491-B5AB-786D9DD90121}"
EndProject
Project("{FAE04EC0-301F-11D3-BF4B-00C04F79EFBC}") = "04.Hex_To_Decimal", "04.Hex_To_Decimal\04.Hex_To_Decimal.csproj", "{C05782EF-D1C3-4AAD-B1DB-12DE32DD190B}"
EndProject
Project("{FAE04EC0-301F-11D3-BF4B-00C04F79EFBC}") = "06.Gender_check", "06.Gender_check\06.Gender_check.csproj", "{2F0DFE3C-494C-41B8-9116-5EF63EDBBAC3}"
EndProject
Project("{FAE04EC0-301F-11D3-BF4B-00C04F79EFBC}") = "07.Hello_World_String", "07.Hello_World_String\07.Hello_World_String.csproj", "{AF38565F-9C31-44D9-80B6-B0F0E475C46E}"
EndProject
Project("{FAE04EC0-301F-11D3-BF4B-00C04F79EFBC}") = "08.Difficulties_with_quotations", "08.Difficulties_with_quotations\08.Difficulties_with_quotations.csproj", "{F3812892-58BD-40B2-B9CB-4A4086A478D9}"
EndProject
Project("{FAE04EC0-301F-11D3-BF4B-00C04F79EFBC}") = "09.Copyright_triangle", "09.Copyright_triangle\09.Copyright_triangle.csproj", "{5482CD8F-3198-4B1B-9F9D-2E3027BADF23}"
EndProject
Project("{FAE04EC0-301F-11D3-BF4B-00C04F79EFBC}") = "10.Marketing_Firm", "10.Marketing_Firm\10.Marketing_Firm.csproj", "{CAA51034-3594-44E5-9334-7ECDAAD75515}"
EndProject
Project("{FAE04EC0-301F-11D3-BF4B-00C04F79EFBC}") = "11.Exchange_Values", "11.Exchange_Values\11.Exchange_Values.csproj", "{3964ED34-491D-4984-8780-55782E9B695C}"
EndProject
Project("{FAE04EC0-301F-11D3-BF4B-00C04F79EFBC}") = "12.ASCII_table", "12.ASCII_table\12.ASCII_table.csproj", "{6888B0DC-A503-4A47-85C3-C6E6F28CB4BD}"
EndProject
Project("{FAE04EC0-301F-11D3-BF4B-00C04F79EFBC}") = "13.Nullable_int_and_double", "13.Nullable_int_and_double\13.Nullable_int_and_double.csproj", "{3B13F331-151C-4F37-9A87-EC416664D6D0}"
EndProject
Project("{FAE04EC0-301F-11D3-BF4B-00C04F79EFBC}") = "14.Bank_Account", "14.Bank_Account\14.Bank_Account.csproj", "{79A6363C-7F2C-4931-A950-D68BC4975624}"
EndProject
Global
	GlobalSection(SolutionConfigurationPlatforms) = preSolution
		Debug|Any CPU = Debug|Any CPU
		Release|Any CPU = Release|Any CPU
	EndGlobalSection
	GlobalSection(ProjectConfigurationPlatforms) = postSolution
		{D5F37990-4415-4FE1-9C0E-EBC7D6A414C8}.Debug|Any CPU.ActiveCfg = Debug|Any CPU
		{D5F37990-4415-4FE1-9C0E-EBC7D6A414C8}.Debug|Any CPU.Build.0 = Debug|Any CPU
		{D5F37990-4415-4FE1-9C0E-EBC7D6A414C8}.Release|Any CPU.ActiveCfg = Release|Any CPU
		{D5F37990-4415-4FE1-9C0E-EBC7D6A414C8}.Release|Any CPU.Build.0 = Release|Any CPU
		{D8A199F0-1B3A-40EA-9D40-082D0354E13A}.Debug|Any CPU.ActiveCfg = Debug|Any CPU
		{D8A199F0-1B3A-40EA-9D40-082D0354E13A}.Debug|Any CPU.Build.0 = Debug|Any CPU
		{D8A199F0-1B3A-40EA-9D40-082D0354E13A}.Release|Any CPU.ActiveCfg = Release|Any CPU
		{D8A199F0-1B3A-40EA-9D40-082D0354E13A}.Release|Any CPU.Build.0 = Release|Any CPU
		{632A8D9B-A572-4003-9996-6CF362EC20BC}.Debug|Any CPU.ActiveCfg = Debug|Any CPU
		{632A8D9B-A572-4003-9996-6CF362EC20BC}.Debug|Any CPU.Build.0 = Debug|Any CPU
		{632A8D9B-A572-4003-9996-6CF362EC20BC}.Release|Any CPU.ActiveCfg = Release|Any CPU
		{632A8D9B-A572-4003-9996-6CF362EC20BC}.Release|Any CPU.Build.0 = Release|Any CPU
		{F0ADA953-3114-4491-B5AB-786D9DD90121}.Debug|Any CPU.ActiveCfg = Debug|Any CPU
		{F0ADA953-3114-4491-B5AB-786D9DD90121}.Debug|Any CPU.Build.0 = Debug|Any CPU
		{F0ADA953-3114-4491-B5AB-786D9DD90121}.Release|Any CPU.ActiveCfg = Release|Any CPU
		{F0ADA953-3114-4491-B5AB-786D9DD90121}.Release|Any CPU.Build.0 = Release|Any CPU
		{C05782EF-D1C3-4AAD-B1DB-12DE32DD190B}.Debug|Any CPU.ActiveCfg = Debug|Any CPU
		{C05782EF-D1C3-4AAD-B1DB-12DE32DD190B}.Debug|Any CPU.Build.0 = Debug|Any CPU
		{C05782EF-D1C3-4AAD-B1DB-12DE32DD190B}.Release|Any CPU.ActiveCfg = Release|Any CPU
		{C05782EF-D1C3-4AAD-B1DB-12DE32DD190B}.Release|Any CPU.Build.0 = Release|Any CPU
		{2F0DFE3C-494C-41B8-9116-5EF63EDBBAC3}.Debug|Any CPU.ActiveCfg = Debug|Any CPU
		{2F0DFE3C-494C-41B8-9116-5EF63EDBBAC3}.Debug|Any CPU.Build.0 = Debug|Any CPU
		{2F0DFE3C-494C-41B8-9116-5EF63EDBBAC3}.Release|Any CPU.ActiveCfg = Release|Any CPU
		{2F0DFE3C-494C-41B8-9116-5EF63EDBBAC3}.Release|Any CPU.Build.0 = Release|Any CPU
		{AF38565F-9C31-44D9-80B6-B0F0E475C46E}.Debug|Any CPU.ActiveCfg = Debug|Any CPU
		{AF38565F-9C31-44D9-80B6-B0F0E475C46E}.Debug|Any CPU.Build.0 = Debug|Any CPU
		{AF38565F-9C31-44D9-80B6-B0F0E475C46E}.Release|Any CPU.ActiveCfg = Release|Any CPU
		{AF38565F-9C31-44D9-80B6-B0F0E475C46E}.Release|Any CPU.Build.0 = Release|Any CPU
		{F3812892-58BD-40B2-B9CB-4A4086A478D9}.Debug|Any CPU.ActiveCfg = Debug|Any CPU
		{F3812892-58BD-40B2-B9CB-4A4086A478D9}.Debug|Any CPU.Build.0 = Debug|Any CPU
		{F3812892-58BD-40B2-B9CB-4A4086A478D9}.Release|Any CPU.ActiveCfg = Release|Any CPU
		{F3812892-58BD-40B2-B9CB-4A4086A478D9}.Release|Any CPU.Build.0 = Release|Any CPU
		{5482CD8F-3198-4B1B-9F9D-2E3027BADF23}.Debug|Any CPU.ActiveCfg = Debug|Any CPU
		{5482CD8F-3198-4B1B-9F9D-2E3027BADF23}.Debug|Any CPU.Build.0 = Debug|Any CPU
		{5482CD8F-3198-4B1B-9F9D-2E3027BADF23}.Release|Any CPU.ActiveCfg = Release|Any CPU
		{5482CD8F-3198-4B1B-9F9D-2E3027BADF23}.Release|Any CPU.Build.0 = Release|Any CPU
		{CAA51034-3594-44E5-9334-7ECDAAD75515}.Debug|Any CPU.ActiveCfg = Debug|Any CPU
		{CAA51034-3594-44E5-9334-7ECDAAD75515}.Debug|Any CPU.Build.0 = Debug|Any CPU
		{CAA51034-3594-44E5-9334-7ECDAAD75515}.Release|Any CPU.ActiveCfg = Release|Any CPU
		{CAA51034-3594-44E5-9334-7ECDAAD75515}.Release|Any CPU.Build.0 = Release|Any CPU
		{3964ED34-491D-4984-8780-55782E9B695C}.Debug|Any CPU.ActiveCfg = Debug|Any CPU
		{3964ED34-491D-4984-8780-55782E9B695C}.Debug|Any CPU.Build.0 = Debug|Any CPU
		{3964ED34-491D-4984-8780-55782E9B695C}.Release|Any CPU.ActiveCfg = Release|Any CPU
		{3964ED34-491D-4984-8780-55782E9B695C}.Release|Any CPU.Build.0 = Release|Any CPU
		{6888B0DC-A503-4A47-85C3-C6E6F28CB4BD}.Debug|Any CPU.ActiveCfg = Debug|Any CPU
		{6888B0DC-A503-4A47-85C3-C6E6F28CB4BD}.Debug|Any CPU.Build.0 = Debug|Any CPU
		{6888B0DC-A503-4A47-85C3-C6E6F28CB4BD}.Release|Any CPU.ActiveCfg = Release|Any CPU
		{6888B0DC-A503-4A47-85C3-C6E6F28CB4BD}.Release|Any CPU.Build.0 = Release|Any CPU
		{3B13F331-151C-4F37-9A87-EC416664D6D0}.Debug|Any CPU.ActiveCfg = Debug|Any CPU
		{3B13F331-151C-4F37-9A87-EC416664D6D0}.Debug|Any CPU.Build.0 = Debug|Any CPU
		{3B13F331-151C-4F37-9A87-EC416664D6D0}.Release|Any CPU.ActiveCfg = Release|Any CPU
		{3B13F331-151C-4F37-9A87-EC416664D6D0}.Release|Any CPU.Build.0 = Release|Any CPU
		{79A6363C-7F2C-4931-A950-D68BC4975624}.Debug|Any CPU.ActiveCfg = Debug|Any CPU
		{79A6363C-7F2C-4931-A950-D68BC4975624}.Debug|Any CPU.Build.0 = Debug|Any CPU
		{79A6363C-7F2C-4931-A950-D68BC4975624}.Release|Any CPU.ActiveCfg = Release|Any CPU
		{79A6363C-7F2C-4931-A950-D68BC4975624}.Release|Any CPU.Build.0 = Release|Any CPU
	EndGlobalSection
	GlobalSection(SolutionProperties) = preSolution
		HideSolutionNode = FALSE
	EndGlobalSection
EndGlobal
