
Microsoft Visual Studio Solution File, Format Version 12.00
# Visual Studio Express 2013 for Windows Desktop
VisualStudioVersion = 12.0.21005.1
MinimumVisualStudioVersion = 10.0.40219.1
Project("{FAE04EC0-301F-11D3-BF4B-00C04F79EFBC}") = "01.Print_integers_sum", "01.Print_integers_sum\01.Print_integers_sum.csproj", "{E7D751EE-2E77-4B53-84F6-4199CBC5AC64}"
EndProject
Project("{FAE04EC0-301F-11D3-BF4B-00C04F79EFBC}") = "02.Circle_perimeter_and_area", "02.Circle_perimeter_and_area\02.Circle_perimeter_and_area.csproj", "{D2D135FC-BABD-4794-98D5-3C940054AEDB}"
EndProject
Project("{FAE04EC0-301F-11D3-BF4B-00C04F79EFBC}") = "03.FirmDetails", "03.FirmDetails\03.FirmDetails.csproj", "{78BE87EC-802F-4BEF-8D87-0A297A804F54}"
EndProject
Project("{FAE04EC0-301F-11D3-BF4B-00C04F79EFBC}") = "04.Numbers_in_interval", "04.Numbers_in_interval\04.Numbers_in_interval.csproj", "{A9D1EADA-C301-4E3B-B577-036976073958}"
EndProject
Project("{FAE04EC0-301F-11D3-BF4B-00C04F79EFBC}") = "05.Greater_number", "05.Greater_number\05.Greater_number.csproj", "{24653E47-1B18-4ABC-A92B-B3370162076D}"
EndProject
Project("{FAE04EC0-301F-11D3-BF4B-00C04F79EFBC}") = "06.Quadratic_Equation", "06.Quadratic_Equation\06.Quadratic_Equation.csproj", "{0A9090F4-CE3F-43BB-BAA5-D1EC553A9984}"
EndProject
Project("{FAE04EC0-301F-11D3-BF4B-00C04F79EFBC}") = "07.N_Sum", "07.N_Sum\07.N_Sum.csproj", "{D3A2ADC7-D226-45FB-879D-B7161EDA6EBE}"
EndProject
Project("{FAE04EC0-301F-11D3-BF4B-00C04F79EFBC}") = "08.Number_from_1_to_N", "08.Number_from_1_to_N\08.Number_from_1_to_N.csproj", "{0F4C52C1-21B0-4672-A051-B95CDAA2A056}"
EndProject
Project("{FAE04EC0-301F-11D3-BF4B-00C04F79EFBC}") = "09.Fibonacci_number", "09.Fibonacci_number\09.Fibonacci_number.csproj", "{48D533FA-AD19-46D0-BDB9-A6A9711948A1}"
EndProject
Project("{FAE04EC0-301F-11D3-BF4B-00C04F79EFBC}") = "10.Calculate_sum", "10.Calculate_sum\10.Calculate_sum.csproj", "{13F354DF-1BF2-4481-A9B0-51A33ECAACCA}"
EndProject
Global
	GlobalSection(SolutionConfigurationPlatforms) = preSolution
		Debug|Any CPU = Debug|Any CPU
		Release|Any CPU = Release|Any CPU
	EndGlobalSection
	GlobalSection(ProjectConfigurationPlatforms) = postSolution
		{E7D751EE-2E77-4B53-84F6-4199CBC5AC64}.Debug|Any CPU.ActiveCfg = Debug|Any CPU
		{E7D751EE-2E77-4B53-84F6-4199CBC5AC64}.Debug|Any CPU.Build.0 = Debug|Any CPU
		{E7D751EE-2E77-4B53-84F6-4199CBC5AC64}.Release|Any CPU.ActiveCfg = Release|Any CPU
		{E7D751EE-2E77-4B53-84F6-4199CBC5AC64}.Release|Any CPU.Build.0 = Release|Any CPU
		{D2D135FC-BABD-4794-98D5-3C940054AEDB}.Debug|Any CPU.ActiveCfg = Debug|Any CPU
		{D2D135FC-BABD-4794-98D5-3C940054AEDB}.Debug|Any CPU.Build.0 = Debug|Any CPU
		{D2D135FC-BABD-4794-98D5-3C940054AEDB}.Release|Any CPU.ActiveCfg = Release|Any CPU
		{D2D135FC-BABD-4794-98D5-3C940054AEDB}.Release|Any CPU.Build.0 = Release|Any CPU
		{78BE87EC-802F-4BEF-8D87-0A297A804F54}.Debug|Any CPU.ActiveCfg = Debug|Any CPU
		{78BE87EC-802F-4BEF-8D87-0A297A804F54}.Debug|Any CPU.Build.0 = Debug|Any CPU
		{78BE87EC-802F-4BEF-8D87-0A297A804F54}.Release|Any CPU.ActiveCfg = Release|Any CPU
		{78BE87EC-802F-4BEF-8D87-0A297A804F54}.Release|Any CPU.Build.0 = Release|Any CPU
		{A9D1EADA-C301-4E3B-B577-036976073958}.Debug|Any CPU.ActiveCfg = Debug|Any CPU
		{A9D1EADA-C301-4E3B-B577-036976073958}.Debug|Any CPU.Build.0 = Debug|Any CPU
		{A9D1EADA-C301-4E3B-B577-036976073958}.Release|Any CPU.ActiveCfg = Release|Any CPU
		{A9D1EADA-C301-4E3B-B577-036976073958}.Release|Any CPU.Build.0 = Release|Any CPU
		{24653E47-1B18-4ABC-A92B-B3370162076D}.Debug|Any CPU.ActiveCfg = Debug|Any CPU
		{24653E47-1B18-4ABC-A92B-B3370162076D}.Debug|Any CPU.Build.0 = Debug|Any CPU
		{24653E47-1B18-4ABC-A92B-B3370162076D}.Release|Any CPU.ActiveCfg = Release|Any CPU
		{24653E47-1B18-4ABC-A92B-B3370162076D}.Release|Any CPU.Build.0 = Release|Any CPU
		{0A9090F4-CE3F-43BB-BAA5-D1EC553A9984}.Debug|Any CPU.ActiveCfg = Debug|Any CPU
		{0A9090F4-CE3F-43BB-BAA5-D1EC553A9984}.Debug|Any CPU.Build.0 = Debug|Any CPU
		{0A9090F4-CE3F-43BB-BAA5-D1EC553A9984}.Release|Any CPU.ActiveCfg = Release|Any CPU
		{0A9090F4-CE3F-43BB-BAA5-D1EC553A9984}.Release|Any CPU.Build.0 = Release|Any CPU
		{D3A2ADC7-D226-45FB-879D-B7161EDA6EBE}.Debug|Any CPU.ActiveCfg = Debug|Any CPU
		{D3A2ADC7-D226-45FB-879D-B7161EDA6EBE}.Debug|Any CPU.Build.0 = Debug|Any CPU
		{D3A2ADC7-D226-45FB-879D-B7161EDA6EBE}.Release|Any CPU.ActiveCfg = Release|Any CPU
		{D3A2ADC7-D226-45FB-879D-B7161EDA6EBE}.Release|Any CPU.Build.0 = Release|Any CPU
		{0F4C52C1-21B0-4672-A051-B95CDAA2A056}.Debug|Any CPU.ActiveCfg = Debug|Any CPU
		{0F4C52C1-21B0-4672-A051-B95CDAA2A056}.Debug|Any CPU.Build.0 = Debug|Any CPU
		{0F4C52C1-21B0-4672-A051-B95CDAA2A056}.Release|Any CPU.ActiveCfg = Release|Any CPU
		{0F4C52C1-21B0-4672-A051-B95CDAA2A056}.Release|Any CPU.Build.0 = Release|Any CPU
		{48D533FA-AD19-46D0-BDB9-A6A9711948A1}.Debug|Any CPU.ActiveCfg = Debug|Any CPU
		{48D533FA-AD19-46D0-BDB9-A6A9711948A1}.Debug|Any CPU.Build.0 = Debug|Any CPU
		{48D533FA-AD19-46D0-BDB9-A6A9711948A1}.Release|Any CPU.ActiveCfg = Release|Any CPU
		{48D533FA-AD19-46D0-BDB9-A6A9711948A1}.Release|Any CPU.Build.0 = Release|Any CPU
		{13F354DF-1BF2-4481-A9B0-51A33ECAACCA}.Debug|Any CPU.ActiveCfg = Debug|Any CPU
		{13F354DF-1BF2-4481-A9B0-51A33ECAACCA}.Debug|Any CPU.Build.0 = Debug|Any CPU
		{13F354DF-1BF2-4481-A9B0-51A33ECAACCA}.Release|Any CPU.ActiveCfg = Release|Any CPU
		{13F354DF-1BF2-4481-A9B0-51A33ECAACCA}.Release|Any CPU.Build.0 = Release|Any CPU
	EndGlobalSection
	GlobalSection(SolutionProperties) = preSolution
		HideSolutionNode = FALSE
	EndGlobalSection
EndGlobal
