
Microsoft Visual Studio Solution File, Format Version 12.00
# Visual Studio Express 2013 for Windows Desktop
VisualStudioVersion = 12.0.21005.1
MinimumVisualStudioVersion = 10.0.40219.1
Project("{FAE04EC0-301F-11D3-BF4B-00C04F79EFBC}") = "01.Numbers_to_N", "01.Numbers_to_N\01.Numbers_to_N.csproj", "{0855981D-2C79-4712-9CF0-B22AEC3EB734}"
EndProject
Project("{FAE04EC0-301F-11D3-BF4B-00C04F79EFBC}") = "02.Divisible_numbers", "02.Divisible_numbers\02.Divisible_numbers.csproj", "{5669D5F7-9D1A-43DC-A4C5-E45EC39C0032}"
EndProject
Project("{FAE04EC0-301F-11D3-BF4B-00C04F79EFBC}") = "03.Min_max", "03.Min_max\03.Min_max.csproj", "{54DE386F-C6C9-4F00-88F8-9D887862B6B7}"
EndProject
Project("{FAE04EC0-301F-11D3-BF4B-00C04F79EFBC}") = "04.Factorial_division", "04.Factorial_division\04.Factorial_division.csproj", "{7D483777-A7F4-4252-951D-FA2AAC724CF3}"
EndProject
Project("{FAE04EC0-301F-11D3-BF4B-00C04F79EFBC}") = "05.Another_factorial", "05.Another_factorial\05.Another_factorial.csproj", "{BF509E67-439F-4981-A1EF-EB37FBC64A9E}"
EndProject
Project("{FAE04EC0-301F-11D3-BF4B-00C04F79EFBC}") = "06.Number_of_series", "06.Number_of_series\06.Number_of_series.csproj", "{B8E9899A-7323-4B13-895A-630CED5DF8B9}"
EndProject
Project("{FAE04EC0-301F-11D3-BF4B-00C04F79EFBC}") = "07.Fibonacci", "07.Fibonacci\07.Fibonacci.csproj", "{ED9ADC59-D4C6-4110-8551-7FBAF93C4756}"
EndProject
Project("{FAE04EC0-301F-11D3-BF4B-00C04F79EFBC}") = "08.Greatest_common_divisor", "08.Greatest_common_divisor\08.Greatest_common_divisor.csproj", "{2BFE842A-6EAA-4D87-945F-0CB1C972A4BB}"
EndProject
Project("{FAE04EC0-301F-11D3-BF4B-00C04F79EFBC}") = "09.Catalan_numbers", "09.Catalan_numbers\09.Catalan_numbers.csproj", "{09A83086-18B8-4E8D-BD55-098DA06AD218}"
EndProject
Project("{FAE04EC0-301F-11D3-BF4B-00C04F79EFBC}") = "10.Card_names", "10.Card_names\10.Card_names.csproj", "{64D27DA5-01C7-43FD-B508-8B6D808409D7}"
EndProject
Project("{FAE04EC0-301F-11D3-BF4B-00C04F79EFBC}") = "11.Matrix", "11.Matrix\11.Matrix.csproj", "{D1AA53FE-6E7F-4CDB-B105-F15FD70804B5}"
EndProject
Project("{FAE04EC0-301F-11D3-BF4B-00C04F79EFBC}") = "12.Zeroes", "12.Zeroes\12.Zeroes.csproj", "{346BBDDB-B704-470C-8B42-606B308F34E0}"
EndProject
Global
	GlobalSection(SolutionConfigurationPlatforms) = preSolution
		Debug|Any CPU = Debug|Any CPU
		Release|Any CPU = Release|Any CPU
	EndGlobalSection
	GlobalSection(ProjectConfigurationPlatforms) = postSolution
		{0855981D-2C79-4712-9CF0-B22AEC3EB734}.Debug|Any CPU.ActiveCfg = Debug|Any CPU
		{0855981D-2C79-4712-9CF0-B22AEC3EB734}.Debug|Any CPU.Build.0 = Debug|Any CPU
		{0855981D-2C79-4712-9CF0-B22AEC3EB734}.Release|Any CPU.ActiveCfg = Release|Any CPU
		{0855981D-2C79-4712-9CF0-B22AEC3EB734}.Release|Any CPU.Build.0 = Release|Any CPU
		{5669D5F7-9D1A-43DC-A4C5-E45EC39C0032}.Debug|Any CPU.ActiveCfg = Debug|Any CPU
		{5669D5F7-9D1A-43DC-A4C5-E45EC39C0032}.Debug|Any CPU.Build.0 = Debug|Any CPU
		{5669D5F7-9D1A-43DC-A4C5-E45EC39C0032}.Release|Any CPU.ActiveCfg = Release|Any CPU
		{5669D5F7-9D1A-43DC-A4C5-E45EC39C0032}.Release|Any CPU.Build.0 = Release|Any CPU
		{54DE386F-C6C9-4F00-88F8-9D887862B6B7}.Debug|Any CPU.ActiveCfg = Debug|Any CPU
		{54DE386F-C6C9-4F00-88F8-9D887862B6B7}.Debug|Any CPU.Build.0 = Debug|Any CPU
		{54DE386F-C6C9-4F00-88F8-9D887862B6B7}.Release|Any CPU.ActiveCfg = Release|Any CPU
		{54DE386F-C6C9-4F00-88F8-9D887862B6B7}.Release|Any CPU.Build.0 = Release|Any CPU
		{7D483777-A7F4-4252-951D-FA2AAC724CF3}.Debug|Any CPU.ActiveCfg = Debug|Any CPU
		{7D483777-A7F4-4252-951D-FA2AAC724CF3}.Debug|Any CPU.Build.0 = Debug|Any CPU
		{7D483777-A7F4-4252-951D-FA2AAC724CF3}.Release|Any CPU.ActiveCfg = Release|Any CPU
		{7D483777-A7F4-4252-951D-FA2AAC724CF3}.Release|Any CPU.Build.0 = Release|Any CPU
		{BF509E67-439F-4981-A1EF-EB37FBC64A9E}.Debug|Any CPU.ActiveCfg = Debug|Any CPU
		{BF509E67-439F-4981-A1EF-EB37FBC64A9E}.Debug|Any CPU.Build.0 = Debug|Any CPU
		{BF509E67-439F-4981-A1EF-EB37FBC64A9E}.Release|Any CPU.ActiveCfg = Release|Any CPU
		{BF509E67-439F-4981-A1EF-EB37FBC64A9E}.Release|Any CPU.Build.0 = Release|Any CPU
		{B8E9899A-7323-4B13-895A-630CED5DF8B9}.Debug|Any CPU.ActiveCfg = Debug|Any CPU
		{B8E9899A-7323-4B13-895A-630CED5DF8B9}.Debug|Any CPU.Build.0 = Debug|Any CPU
		{B8E9899A-7323-4B13-895A-630CED5DF8B9}.Release|Any CPU.ActiveCfg = Release|Any CPU
		{B8E9899A-7323-4B13-895A-630CED5DF8B9}.Release|Any CPU.Build.0 = Release|Any CPU
		{ED9ADC59-D4C6-4110-8551-7FBAF93C4756}.Debug|Any CPU.ActiveCfg = Debug|Any CPU
		{ED9ADC59-D4C6-4110-8551-7FBAF93C4756}.Debug|Any CPU.Build.0 = Debug|Any CPU
		{ED9ADC59-D4C6-4110-8551-7FBAF93C4756}.Release|Any CPU.ActiveCfg = Release|Any CPU
		{ED9ADC59-D4C6-4110-8551-7FBAF93C4756}.Release|Any CPU.Build.0 = Release|Any CPU
		{2BFE842A-6EAA-4D87-945F-0CB1C972A4BB}.Debug|Any CPU.ActiveCfg = Debug|Any CPU
		{2BFE842A-6EAA-4D87-945F-0CB1C972A4BB}.Debug|Any CPU.Build.0 = Debug|Any CPU
		{2BFE842A-6EAA-4D87-945F-0CB1C972A4BB}.Release|Any CPU.ActiveCfg = Release|Any CPU
		{2BFE842A-6EAA-4D87-945F-0CB1C972A4BB}.Release|Any CPU.Build.0 = Release|Any CPU
		{09A83086-18B8-4E8D-BD55-098DA06AD218}.Debug|Any CPU.ActiveCfg = Debug|Any CPU
		{09A83086-18B8-4E8D-BD55-098DA06AD218}.Debug|Any CPU.Build.0 = Debug|Any CPU
		{09A83086-18B8-4E8D-BD55-098DA06AD218}.Release|Any CPU.ActiveCfg = Release|Any CPU
		{09A83086-18B8-4E8D-BD55-098DA06AD218}.Release|Any CPU.Build.0 = Release|Any CPU
		{64D27DA5-01C7-43FD-B508-8B6D808409D7}.Debug|Any CPU.ActiveCfg = Debug|Any CPU
		{64D27DA5-01C7-43FD-B508-8B6D808409D7}.Debug|Any CPU.Build.0 = Debug|Any CPU
		{64D27DA5-01C7-43FD-B508-8B6D808409D7}.Release|Any CPU.ActiveCfg = Release|Any CPU
		{64D27DA5-01C7-43FD-B508-8B6D808409D7}.Release|Any CPU.Build.0 = Release|Any CPU
		{D1AA53FE-6E7F-4CDB-B105-F15FD70804B5}.Debug|Any CPU.ActiveCfg = Debug|Any CPU
		{D1AA53FE-6E7F-4CDB-B105-F15FD70804B5}.Debug|Any CPU.Build.0 = Debug|Any CPU
		{D1AA53FE-6E7F-4CDB-B105-F15FD70804B5}.Release|Any CPU.ActiveCfg = Release|Any CPU
		{D1AA53FE-6E7F-4CDB-B105-F15FD70804B5}.Release|Any CPU.Build.0 = Release|Any CPU
		{346BBDDB-B704-470C-8B42-606B308F34E0}.Debug|Any CPU.ActiveCfg = Debug|Any CPU
		{346BBDDB-B704-470C-8B42-606B308F34E0}.Debug|Any CPU.Build.0 = Debug|Any CPU
		{346BBDDB-B704-470C-8B42-606B308F34E0}.Release|Any CPU.ActiveCfg = Release|Any CPU
		{346BBDDB-B704-470C-8B42-606B308F34E0}.Release|Any CPU.Build.0 = Release|Any CPU
	EndGlobalSection
	GlobalSection(SolutionProperties) = preSolution
		HideSolutionNode = FALSE
	EndGlobalSection
EndGlobal
