
Microsoft Visual Studio Solution File, Format Version 12.00
# Visual Studio Express 2013 for Windows Desktop
VisualStudioVersion = 12.0.21005.1
MinimumVisualStudioVersion = 10.0.40219.1
Project("{FAE04EC0-301F-11D3-BF4B-00C04F79EFBC}") = "01.Numbers_to_N", "01.Numbers_to_N\01.Numbers_to_N.csproj", "{0855981D-2C79-4712-9CF0-B22AEC3EB734}"
EndProject
Project("{FAE04EC0-301F-11D3-BF4B-00C04F79EFBC}") = "02.Divisible_numbers", "02.Divisible_numbers\02.Divisible_numbers.csproj", "{5669D5F7-9D1A-43DC-A4C5-E45EC39C0032}"
EndProject
Project("{FAE04EC0-301F-11D3-BF4B-00C04F79EFBC}") = "03.Min_max", "03.Min_max\03.Min_max.csproj", "{54DE386F-C6C9-4F00-88F8-9D887862B6B7}"
EndProject
Project("{FAE04EC0-301F-11D3-BF4B-00C04F79EFBC}") = "04.Factorial_division", "04.Factorial_division\04.Factorial_division.csproj", "{7D483777-A7F4-4252-951D-FA2AAC724CF3}"
EndProject
Project("{FAE04EC0-301F-11D3-BF4B-00C04F79EFBC}") = "05.Another_factorial", "05.Another_factorial\05.Another_factorial.csproj", "{BF509E67-439F-4981-A1EF-EB37FBC64A9E}"
EndProject
Project("{FAE04EC0-301F-11D3-BF4B-00C04F79EFBC}") = "06.Number_of_series", "06.Number_of_series\06.Number_of_series.csproj", "{B8E9899A-7323-4B13-895A-630CED5DF8B9}"
EndProject
Global
	GlobalSection(SolutionConfigurationPlatforms) = preSolution
		Debug|Any CPU = Debug|Any CPU
		Release|Any CPU = Release|Any CPU
	EndGlobalSection
	GlobalSection(ProjectConfigurationPlatforms) = postSolution
		{0855981D-2C79-4712-9CF0-B22AEC3EB734}.Debug|Any CPU.ActiveCfg = Debug|Any CPU
		{0855981D-2C79-4712-9CF0-B22AEC3EB734}.Debug|Any CPU.Build.0 = Debug|Any CPU
		{0855981D-2C79-4712-9CF0-B22AEC3EB734}.Release|Any CPU.ActiveCfg = Release|Any CPU
		{0855981D-2C79-4712-9CF0-B22AEC3EB734}.Release|Any CPU.Build.0 = Release|Any CPU
		{5669D5F7-9D1A-43DC-A4C5-E45EC39C0032}.Debug|Any CPU.ActiveCfg = Debug|Any CPU
		{5669D5F7-9D1A-43DC-A4C5-E45EC39C0032}.Debug|Any CPU.Build.0 = Debug|Any CPU
		{5669D5F7-9D1A-43DC-A4C5-E45EC39C0032}.Release|Any CPU.ActiveCfg = Release|Any CPU
		{5669D5F7-9D1A-43DC-A4C5-E45EC39C0032}.Release|Any CPU.Build.0 = Release|Any CPU
		{54DE386F-C6C9-4F00-88F8-9D887862B6B7}.Debug|Any CPU.ActiveCfg = Debug|Any CPU
		{54DE386F-C6C9-4F00-88F8-9D887862B6B7}.Debug|Any CPU.Build.0 = Debug|Any CPU
		{54DE386F-C6C9-4F00-88F8-9D887862B6B7}.Release|Any CPU.ActiveCfg = Release|Any CPU
		{54DE386F-C6C9-4F00-88F8-9D887862B6B7}.Release|Any CPU.Build.0 = Release|Any CPU
		{7D483777-A7F4-4252-951D-FA2AAC724CF3}.Debug|Any CPU.ActiveCfg = Debug|Any CPU
		{7D483777-A7F4-4252-951D-FA2AAC724CF3}.Debug|Any CPU.Build.0 = Debug|Any CPU
		{7D483777-A7F4-4252-951D-FA2AAC724CF3}.Release|Any CPU.ActiveCfg = Release|Any CPU
		{7D483777-A7F4-4252-951D-FA2AAC724CF3}.Release|Any CPU.Build.0 = Release|Any CPU
		{BF509E67-439F-4981-A1EF-EB37FBC64A9E}.Debug|Any CPU.ActiveCfg = Debug|Any CPU
		{BF509E67-439F-4981-A1EF-EB37FBC64A9E}.Debug|Any CPU.Build.0 = Debug|Any CPU
		{BF509E67-439F-4981-A1EF-EB37FBC64A9E}.Release|Any CPU.ActiveCfg = Release|Any CPU
		{BF509E67-439F-4981-A1EF-EB37FBC64A9E}.Release|Any CPU.Build.0 = Release|Any CPU
		{B8E9899A-7323-4B13-895A-630CED5DF8B9}.Debug|Any CPU.ActiveCfg = Debug|Any CPU
		{B8E9899A-7323-4B13-895A-630CED5DF8B9}.Debug|Any CPU.Build.0 = Debug|Any CPU
		{B8E9899A-7323-4B13-895A-630CED5DF8B9}.Release|Any CPU.ActiveCfg = Release|Any CPU
		{B8E9899A-7323-4B13-895A-630CED5DF8B9}.Release|Any CPU.Build.0 = Release|Any CPU
	EndGlobalSection
	GlobalSection(SolutionProperties) = preSolution
		HideSolutionNode = FALSE
	EndGlobalSection
EndGlobal
